// !$*UTF8*$!
{
	archiveVersion = 1;
	classes = {
	};
	objectVersion = 42;
	objects = {
		D7BA7D76DAB5DD13389D6332 = {
			buildActionMask = 2147483647;
			files = (
				);
			generatedFileNames = (
				);
			isa = PBXShellScriptBuildPhase;
			name = "Qt Qmake";
			neededFileNames = (
				);
			shellPath = "/bin/sh";
			shellScript = "make\ -C\ /Users/clemens/Desktop/SigViewer/src\ -f\ sigviewer.xcodeproj/qt_makeqmake.mak";
		};
		65C8A057DF71E8033AB350D6 = {
			isa = PBXFileReference;
			name = "sigviewer.cpp";
			path = "sigviewer.cpp";
			refType = 4;
			lastKnownFileType = "sourcecode.cpp.cpp";
		};
		0A6D7AD2B410C6AB1637770D = {
			fileRef = "65C8A057DF71E8033AB350D6";
			isa = PBXBuildFile;
			settings = {
				ATTRIBUTES = (
					);
			};
		};
		96EFA15DD9F1530905D96B38 = {
			isa = PBXFileReference;
			name = "basic_header.cpp";
			path = "base/basic_header.cpp";
			refType = 4;
			lastKnownFileType = "sourcecode.cpp.cpp";
		};
		CCAA97911899F06C0B36B5DB = {
			fileRef = "96EFA15DD9F1530905D96B38";
			isa = PBXBuildFile;
			settings = {
				ATTRIBUTES = (
					);
			};
		};
		C05DD1014339BBE7B6D55C86 = {
			isa = PBXFileReference;
			name = "file_signal_reader.cpp";
			path = "base/file_signal_reader.cpp";
			refType = 4;
			lastKnownFileType = "sourcecode.cpp.cpp";
		};
		94E9104595A06658C25003D2 = {
			fileRef = "C05DD1014339BBE7B6D55C86";
			isa = PBXBuildFile;
			settings = {
				ATTRIBUTES = (
					);
			};
		};
		FA20C1EDD463ABC25A97A89E = {
			isa = PBXFileReference;
			name = "file_signal_reader_factory.cpp";
			path = "base/file_signal_reader_factory.cpp";
			refType = 4;
			lastKnownFileType = "sourcecode.cpp.cpp";
		};
		09BAB8812FF7C5B168E6FF69 = {
			fileRef = "FA20C1EDD463ABC25A97A89E";
			isa = PBXBuildFile;
			settings = {
				ATTRIBUTES = (
					);
			};
		};
		38B2B02B235FFC7DD7B81B62 = {
			isa = PBXFileReference;
			name = "math_utils.cpp";
			path = "base/math_utils.cpp";
			refType = 4;
			lastKnownFileType = "sourcecode.cpp.cpp";
		};
		EF58709B74333C2588F41F61 = {
			fileRef = "38B2B02B235FFC7DD7B81B62";
			isa = PBXBuildFile;
			settings = {
				ATTRIBUTES = (
					);
			};
		};
		146D4BF00515A403F4273A74 = {
			isa = PBXFileReference;
			name = "signal_buffer.cpp";
			path = "base/signal_buffer.cpp";
			refType = 4;
			lastKnownFileType = "sourcecode.cpp.cpp";
		};
		275520D18C5377EFEE4BEF41 = {
			fileRef = "146D4BF00515A403F4273A74";
			isa = PBXBuildFile;
			settings = {
				ATTRIBUTES = (
					);
			};
		};
		52DEB758ADB56DD7477F5E57 = {
			isa = PBXFileReference;
			name = "signal_data_block.cpp";
			path = "base/signal_data_block.cpp";
			refType = 4;
			lastKnownFileType = "sourcecode.cpp.cpp";
		};
		DE72468B5701B165AB8F6101 = {
			fileRef = "52DEB758ADB56DD7477F5E57";
			isa = PBXBuildFile;
			settings = {
				ATTRIBUTES = (
					);
			};
		};
		5A0B8376ABE34E2204405DD6 = {
			isa = PBXFileReference;
			name = "signal_data_block_queue.cpp";
			path = "base/signal_data_block_queue.cpp";
			refType = 4;
			lastKnownFileType = "sourcecode.cpp.cpp";
		};
		8E6BA7BD2145F6DD5F5704F5 = {
			fileRef = "5A0B8376ABE34E2204405DD6";
			isa = PBXBuildFile;
			settings = {
				ATTRIBUTES = (
					);
			};
		};
		B14579BEC9BC29CE5A9779A8 = {
			isa = PBXFileReference;
			name = "user_types.cpp";
			path = "base/user_types.cpp";
			refType = 4;
			lastKnownFileType = "sourcecode.cpp.cpp";
		};
		209BC572649144C54A0D23F1 = {
			fileRef = "B14579BEC9BC29CE5A9779A8";
			isa = PBXBuildFile;
			settings = {
				ATTRIBUTES = (
					);
			};
		};
		7307EF694C78BCDB0507BBEA = {
			isa = PBXFileReference;
			name = "gdf_header.cpp";
			path = "base/gdf/gdf_header.cpp";
			refType = 4;
			lastKnownFileType = "sourcecode.cpp.cpp";
		};
		1D4834C1AF90E279C264D49A = {
			fileRef = "7307EF694C78BCDB0507BBEA";
			isa = PBXBuildFile;
			settings = {
				ATTRIBUTES = (
					);
			};
		};
		69343A789E643E8A099F7925 = {
			isa = PBXFileReference;
			name = "gdf_reader.cpp";
			path = "base/gdf/gdf_reader.cpp";
			refType = 4;
			lastKnownFileType = "sourcecode.cpp.cpp";
		};
		171BC8899126BC58088B42D6 = {
			fileRef = "69343A789E643E8A099F7925";
			isa = PBXBuildFile;
			settings = {
				ATTRIBUTES = (
					);
			};
		};
		7B8ECE2A673A9CCDABF88F52 = {
			isa = PBXFileReference;
			name = "smart_canvas.cpp";
			path = "smart_canvas/smart_canvas.cpp";
			refType = 4;
			lastKnownFileType = "sourcecode.cpp.cpp";
		};
		9DE2859D96A1C898C14594FE = {
			fileRef = "7B8ECE2A673A9CCDABF88F52";
			isa = PBXBuildFile;
			settings = {
				ATTRIBUTES = (
					);
			};
		};
		92EDE692FA047FF4E6F89DF6 = {
			isa = PBXFileReference;
			name = "smart_canvas_rectangle.cpp";
			path = "smart_canvas/smart_canvas_rectangle.cpp";
			refType = 4;
			lastKnownFileType = "sourcecode.cpp.cpp";
		};
		384E96F93E7EA0657FC7FA6B = {
			fileRef = "92EDE692FA047FF4E6F89DF6";
			isa = PBXBuildFile;
			settings = {
				ATTRIBUTES = (
					);
			};
		};
		48304E1385F33846F5E73584 = {
			isa = PBXFileReference;
			name = "smart_canvas_view.cpp";
			path = "smart_canvas/smart_canvas_view.cpp";
			refType = 4;
			lastKnownFileType = "sourcecode.cpp.cpp";
		};
		3D4F39EA181E12A0424954F4 = {
			fileRef = "48304E1385F33846F5E73584";
			isa = PBXBuildFile;
			settings = {
				ATTRIBUTES = (
					);
			};
		};
		841D38B8D0D178BCE45BD36F = {
			isa = PBXFileReference;
			name = "basic_header_info_dialog.cpp";
			path = "basic_header_info_dialog.cpp";
			refType = 4;
			lastKnownFileType = "sourcecode.cpp.cpp";
		};
		46B54B789093415261EF37A8 = {
			fileRef = "841D38B8D0D178BCE45BD36F";
			isa = PBXBuildFile;
			settings = {
				ATTRIBUTES = (
					);
			};
		};
		85B84196432726B88AEF1F9D = {
			isa = PBXFileReference;
			name = "channel_selection_dialog.cpp";
			path = "channel_selection_dialog.cpp";
			refType = 4;
			lastKnownFileType = "sourcecode.cpp.cpp";
		};
		998B82CF6F93AB3D6EEB1C51 = {
			fileRef = "85B84196432726B88AEF1F9D";
			isa = PBXBuildFile;
			settings = {
				ATTRIBUTES = (
					);
			};
		};
		B64CF4C7353F820F491442E3 = {
			isa = PBXFileReference;
			name = "channel_separator_canvas_item.cpp";
			path = "channel_separator_canvas_item.cpp";
			refType = 4;
			lastKnownFileType = "sourcecode.cpp.cpp";
		};
		36C29925CC9920E91163A9B5 = {
			fileRef = "B64CF4C7353F820F491442E3";
			isa = PBXBuildFile;
			settings = {
				ATTRIBUTES = (
					);
			};
		};
		81F4E5AF2B0302BD01102C82 = {
			isa = PBXFileReference;
			name = "go_to_dialog.cpp";
			path = "go_to_dialog.cpp";
			refType = 4;
			lastKnownFileType = "sourcecode.cpp.cpp";
		};
		4E8A7FD8D8F75FB4D1AB391A = {
			fileRef = "81F4E5AF2B0302BD01102C82";
			isa = PBXBuildFile;
			settings = {
				ATTRIBUTES = (
					);
			};
		};
		3D511E1EBA3A6D1333B927D6 = {
			isa = PBXFileReference;
			name = "gui_signal_buffer.cpp";
			path = "gui_signal_buffer.cpp";
			refType = 4;
			lastKnownFileType = "sourcecode.cpp.cpp";
		};
		1C76AF00327FFD7E8B11CFCF = {
			fileRef = "3D511E1EBA3A6D1333B927D6";
			isa = PBXBuildFile;
			settings = {
				ATTRIBUTES = (
					);
			};
		};
		AB321AEFEC89E808B9A062B1 = {
			isa = PBXFileReference;
			name = "log_dialog.cpp";
			path = "log_dialog.cpp";
			refType = 4;
			lastKnownFileType = "sourcecode.cpp.cpp";
		};
		68DB9D84D95CA6119D217AE7 = {
			fileRef = "AB321AEFEC89E808B9A062B1";
			isa = PBXBuildFile;
			settings = {
				ATTRIBUTES = (
					);
			};
		};
		32F34D2C51A36B528E30803D = {
			isa = PBXFileReference;
			name = "main_window.cpp";
			path = "main_window.cpp";
			refType = 4;
			lastKnownFileType = "sourcecode.cpp.cpp";
		};
		CEFDBF479C82CB02C27DC1E5 = {
			fileRef = "32F34D2C51A36B528E30803D";
			isa = PBXBuildFile;
			settings = {
				ATTRIBUTES = (
					);
			};
		};
		378FB701EE62C99DAE65366D = {
			isa = PBXFileReference;
			name = "main_window_model.cpp";
			path = "main_window_model.cpp";
			refType = 4;
			lastKnownFileType = "sourcecode.cpp.cpp";
		};
		473C4A990D2E25E960BE4F42 = {
			fileRef = "378FB701EE62C99DAE65366D";
			isa = PBXBuildFile;
			settings = {
				ATTRIBUTES = (
					);
			};
		};
		0256AF3F444315DC71C9518D = {
			isa = PBXFileReference;
			name = "navigation_canvas_item.cpp";
			path = "navigation_canvas_item.cpp";
			refType = 4;
			lastKnownFileType = "sourcecode.cpp.cpp";
		};
		2E2AACF3EA02E5EE59D0EDF9 = {
			fileRef = "0256AF3F444315DC71C9518D";
			isa = PBXBuildFile;
			settings = {
				ATTRIBUTES = (
					);
			};
		};
		6425B7B6C960A12395389761 = {
			isa = PBXFileReference;
			name = "signal_browser.cpp";
			path = "signal_browser.cpp";
			refType = 4;
			lastKnownFileType = "sourcecode.cpp.cpp";
		};
		F8F30D1567A9E02E9CCCF5E2 = {
			fileRef = "6425B7B6C960A12395389761";
			isa = PBXBuildFile;
			settings = {
				ATTRIBUTES = (
					);
			};
		};
		76B6F8D2A5A1AEBACC874E5D = {
			isa = PBXFileReference;
			name = "signal_browser_model.cpp";
			path = "signal_browser_model.cpp";
			refType = 4;
			lastKnownFileType = "sourcecode.cpp.cpp";
		};
		8FAA3D55F30CD52F664F9400 = {
			fileRef = "76B6F8D2A5A1AEBACC874E5D";
			isa = PBXBuildFile;
			settings = {
				ATTRIBUTES = (
					);
			};
		};
		7DF7020E3022C4258D32DC92 = {
			isa = PBXFileReference;
			name = "signal_canvas_item.cpp";
			path = "signal_canvas_item.cpp";
			refType = 4;
			lastKnownFileType = "sourcecode.cpp.cpp";
		};
		D29B7D4626AA02AA5B017A17 = {
			fileRef = "7DF7020E3022C4258D32DC92";
			isa = PBXBuildFile;
			settings = {
				ATTRIBUTES = (
					);
			};
		};
		9C7A5DD8BC894F3A5D62020E = {
			isa = PBXFileReference;
			name = "x_axis_widget.cpp";
			path = "x_axis_widget.cpp";
			refType = 4;
			lastKnownFileType = "sourcecode.cpp.cpp";
		};
		EF2CF413E67A072FA04FFC4C = {
			fileRef = "9C7A5DD8BC894F3A5D62020E";
			isa = PBXBuildFile;
			settings = {
				ATTRIBUTES = (
					);
			};
		};
		DF05B873A4CBC4D3E5C0B47B = {
			isa = PBXFileReference;
			name = "x_grid_canvas_item.cpp";
			path = "x_grid_canvas_item.cpp";
			refType = 4;
			lastKnownFileType = "sourcecode.cpp.cpp";
		};
		C4C6BEBF305A29739C299FCE = {
			fileRef = "DF05B873A4CBC4D3E5C0B47B";
			isa = PBXBuildFile;
			settings = {
				ATTRIBUTES = (
					);
			};
		};
		4B813262CFBC8B935297CA8E = {
			isa = PBXFileReference;
			name = "y_axis_widget.cpp";
			path = "y_axis_widget.cpp";
			refType = 4;
			lastKnownFileType = "sourcecode.cpp.cpp";
		};
		669139161201B8B947CEAAF5 = {
			fileRef = "4B813262CFBC8B935297CA8E";
			isa = PBXBuildFile;
			settings = {
				ATTRIBUTES = (
					);
			};
		};
		E19D9265F250593F7ACAED1D = {
			isa = PBXFileReference;
			name = "event_canvas_item.cpp";
			path = "event_canvas_item.cpp";
			refType = 4;
			lastKnownFileType = "sourcecode.cpp.cpp";
		};
		6D2F51B8B28BDF3BDA557232 = {
			fileRef = "E19D9265F250593F7ACAED1D";
			isa = PBXBuildFile;
			settings = {
				ATTRIBUTES = (
					);
			};
		};
		300864415C83107E1BD47455 = {
			isa = PBXFileReference;
			name = "gdf_event.cpp";
			path = "base/gdf/gdf_event.cpp";
			refType = 4;
			lastKnownFileType = "sourcecode.cpp.cpp";
		};
		8BCCBB17FFF4B8F60DAF347E = {
			fileRef = "300864415C83107E1BD47455";
			isa = PBXBuildFile;
			settings = {
				ATTRIBUTES = (
					);
			};
		};
		657BAB65ABF2B6AD3EF10B13 = {
			isa = PBXFileReference;
			name = "copy_event_dialog.cpp";
			path = "copy_event_dialog.cpp";
			refType = 4;
			lastKnownFileType = "sourcecode.cpp.cpp";
		};
		2B0E70D9A77E5ED078479711 = {
			fileRef = "657BAB65ABF2B6AD3EF10B13";
			isa = PBXBuildFile;
			settings = {
				ATTRIBUTES = (
					);
			};
		};
		992662D1556151C41F21B659 = {
			isa = PBXFileReference;
			name = "event_type_dialog.cpp";
			path = "event_type_dialog.cpp";
			refType = 4;
			lastKnownFileType = "sourcecode.cpp.cpp";
		};
		66359F62FB2DFA49D10736F2 = {
			fileRef = "992662D1556151C41F21B659";
			isa = PBXBuildFile;
			settings = {
				ATTRIBUTES = (
					);
			};
		};
		2004B5DD9D6BCDA753B231CF = {
			isa = PBXFileReference;
			name = "event_table_dialog.cpp";
			path = "event_table_dialog.cpp";
			refType = 4;
			lastKnownFileType = "sourcecode.cpp.cpp";
		};
		2B514B06A32A14688E3E1703 = {
			fileRef = "2004B5DD9D6BCDA753B231CF";
			isa = PBXBuildFile;
			settings = {
				ATTRIBUTES = (
					);
			};
		};
		17EB5F58BD2C331984EDBEB9 = {
			isa = PBXFileReference;
			name = "file_signal_writer.cpp";
			path = "base/file_signal_writer.cpp";
			refType = 4;
			lastKnownFileType = "sourcecode.cpp.cpp";
		};
		DCF0FD7449D6BE27289B699C = {
			fileRef = "17EB5F58BD2C331984EDBEB9";
			isa = PBXBuildFile;
			settings = {
				ATTRIBUTES = (
					);
			};
		};
		19EFD45D1009544D64419254 = {
			isa = PBXFileReference;
			name = "file_signal_writer_factory.cpp";
			path = "base/file_signal_writer_factory.cpp";
			refType = 4;
			lastKnownFileType = "sourcecode.cpp.cpp";
		};
		661E4A3A4BF2FE89601926E4 = {
			fileRef = "19EFD45D1009544D64419254";
			isa = PBXBuildFile;
			settings = {
				ATTRIBUTES = (
					);
			};
		};
		EA25E3790C2C5A7273C32323 = {
			isa = PBXFileReference;
			name = "gdf_writer.cpp";
			path = "base/gdf/gdf_writer.cpp";
			refType = 4;
			lastKnownFileType = "sourcecode.cpp.cpp";
		};
		1E021ABDB13A4ECB79CF2900 = {
			fileRef = "EA25E3790C2C5A7273C32323";
			isa = PBXBuildFile;
			settings = {
				ATTRIBUTES = (
					);
			};
		};
		8036F9D1BE69017D84C662FD = {
			isa = PBXFileReference;
			name = "signal_channel.cpp";
			path = "base/signal_channel.cpp";
			refType = 4;
			lastKnownFileType = "sourcecode.cpp.cpp";
		};
		144955D292A3C7090D621B85 = {
			fileRef = "8036F9D1BE69017D84C662FD";
			isa = PBXBuildFile;
			settings = {
				ATTRIBUTES = (
					);
			};
		};
		9FB8CDD0C1618B32FEAF0F88 = {
			isa = PBXFileReference;
			name = "event_table_file_reader.cpp";
			path = "base/event_table_file_reader.cpp";
			refType = 4;
			lastKnownFileType = "sourcecode.cpp.cpp";
		};
		C5B76BB10DB94E2D6A40311A = {
			fileRef = "9FB8CDD0C1618B32FEAF0F88";
			isa = PBXBuildFile;
			settings = {
				ATTRIBUTES = (
					);
			};
		};
		3B52E0AB98EB159377137D34 = {
			isa = PBXFileReference;
			name = "event_color_manager.cpp";
			path = "event_color_manager.cpp";
			refType = 4;
			lastKnownFileType = "sourcecode.cpp.cpp";
		};
		68492472B1045EC57F6368EE = {
			fileRef = "3B52E0AB98EB159377137D34";
			isa = PBXBuildFile;
			settings = {
				ATTRIBUTES = (
					);
			};
		};
		28B5872E6F2C35CF11BA71FA = {
			isa = PBXFileReference;
			name = "signal_event.cpp";
			path = "base/signal_event.cpp";
			refType = 4;
			lastKnownFileType = "sourcecode.cpp.cpp";
		};
		E660875E1946FA0822108205 = {
			fileRef = "28B5872E6F2C35CF11BA71FA";
			isa = PBXBuildFile;
			settings = {
				ATTRIBUTES = (
					);
			};
		};
		26D8E6AB4AF48162EAA6BDA4 = {
			isa = PBXFileReference;
			name = "signal_browser_mouse_handling.cpp";
			path = "signal_browser_mouse_handling.cpp";
			refType = 4;
			lastKnownFileType = "sourcecode.cpp.cpp";
		};
		3D04FAB56D03C38C833AB723 = {
			fileRef = "26D8E6AB4AF48162EAA6BDA4";
			isa = PBXBuildFile;
			settings = {
				ATTRIBUTES = (
					);
			};
		};
		AF15155FF25A56ECA5CE450D = {
			isa = PBXFileReference;
			name = "label_widget.cpp";
			path = "label_widget.cpp";
			refType = 4;
			lastKnownFileType = "sourcecode.cpp.cpp";
		};
		48EF0793254DC6999B792FFF = {
			fileRef = "AF15155FF25A56ECA5CE450D";
			isa = PBXBuildFile;
			settings = {
				ATTRIBUTES = (
					);
			};
		};
		75CABF43DC9BE5D10BAAD3CE = {
			isa = PBXFileReference;
			name = "moc_basic_header_info_dialog.cpp";
			path = "../tmp/moc_basic_header_info_dialog.cpp";
			refType = 4;
			lastKnownFileType = "sourcecode.cpp.cpp";
		};
		7918FCB7653AE066C84B80A8 = {
			fileRef = "75CABF43DC9BE5D10BAAD3CE";
			isa = PBXBuildFile;
			settings = {
				ATTRIBUTES = (
					);
			};
		};
		210FD87F889A921F3D7137FA = {
			isa = PBXFileReference;
			name = "moc_channel_selection_dialog.cpp";
			path = "../tmp/moc_channel_selection_dialog.cpp";
			refType = 4;
			lastKnownFileType = "sourcecode.cpp.cpp";
		};
		F1D547554218A0C39A6CD589 = {
			fileRef = "210FD87F889A921F3D7137FA";
			isa = PBXBuildFile;
			settings = {
				ATTRIBUTES = (
					);
			};
		};
		1B6892D1271EF9C741DA0A2C = {
			isa = PBXFileReference;
			name = "moc_go_to_dialog.cpp";
			path = "../tmp/moc_go_to_dialog.cpp";
			refType = 4;
			lastKnownFileType = "sourcecode.cpp.cpp";
		};
		CE285384220B1188E69E1A47 = {
			fileRef = "1B6892D1271EF9C741DA0A2C";
			isa = PBXBuildFile;
			settings = {
				ATTRIBUTES = (
					);
			};
		};
		40482FD27B7915007283C809 = {
			isa = PBXFileReference;
			name = "moc_gui_signal_buffer.cpp";
			path = "../tmp/moc_gui_signal_buffer.cpp";
			refType = 4;
			lastKnownFileType = "sourcecode.cpp.cpp";
		};
		64C07564925F2F35EF1DD8C5 = {
			fileRef = "40482FD27B7915007283C809";
			isa = PBXBuildFile;
			settings = {
				ATTRIBUTES = (
					);
			};
		};
		B61092D3A313E16219A72410 = {
			isa = PBXFileReference;
			name = "moc_log_dialog.cpp";
			path = "../tmp/moc_log_dialog.cpp";
			refType = 4;
			lastKnownFileType = "sourcecode.cpp.cpp";
		};
		8E2C1393473F656C56245BDE = {
			fileRef = "B61092D3A313E16219A72410";
			isa = PBXBuildFile;
			settings = {
				ATTRIBUTES = (
					);
			};
		};
		E425131C79A30CC4BF65240E = {
			isa = PBXFileReference;
			name = "moc_main_window.cpp";
			path = "../tmp/moc_main_window.cpp";
			refType = 4;
			lastKnownFileType = "sourcecode.cpp.cpp";
		};
		0468484B64C639CBCFBCDA79 = {
			fileRef = "E425131C79A30CC4BF65240E";
			isa = PBXBuildFile;
			settings = {
				ATTRIBUTES = (
					);
			};
		};
		DE16653952D0101504F61FE4 = {
			isa = PBXFileReference;
			name = "moc_main_window_model.cpp";
			path = "../tmp/moc_main_window_model.cpp";
			refType = 4;
			lastKnownFileType = "sourcecode.cpp.cpp";
		};
		D474FB0AF893235687C2C06A = {
			fileRef = "DE16653952D0101504F61FE4";
			isa = PBXBuildFile;
			settings = {
				ATTRIBUTES = (
					);
			};
		};
		DE912D708AB2442A6014A6F4 = {
			isa = PBXFileReference;
			name = "moc_signal_browser.cpp";
			path = "../tmp/moc_signal_browser.cpp";
			refType = 4;
			lastKnownFileType = "sourcecode.cpp.cpp";
		};
		6DB3A6F5F34428D28FD70825 = {
			fileRef = "DE912D708AB2442A6014A6F4";
			isa = PBXBuildFile;
			settings = {
				ATTRIBUTES = (
					);
			};
		};
		1C972338B996FD9BA2C122A2 = {
			isa = PBXFileReference;
			name = "moc_signal_browser_model.cpp";
			path = "../tmp/moc_signal_browser_model.cpp";
			refType = 4;
			lastKnownFileType = "sourcecode.cpp.cpp";
		};
		84B713F44AC3D29577AF7417 = {
			fileRef = "1C972338B996FD9BA2C122A2";
			isa = PBXBuildFile;
			settings = {
				ATTRIBUTES = (
					);
			};
		};
		97689B14911980D29CD232CD = {
			isa = PBXFileReference;
			name = "moc_signal_canvas_item.cpp";
			path = "../tmp/moc_signal_canvas_item.cpp";
			refType = 4;
			lastKnownFileType = "sourcecode.cpp.cpp";
		};
		71B5B8D6332B3CCF20AAC317 = {
			fileRef = "97689B14911980D29CD232CD";
			isa = PBXBuildFile;
			settings = {
				ATTRIBUTES = (
					);
			};
		};
		E031754266804BA33370B74B = {
			isa = PBXFileReference;
			name = "moc_event_canvas_item.cpp";
			path = "../tmp/moc_event_canvas_item.cpp";
			refType = 4;
			lastKnownFileType = "sourcecode.cpp.cpp";
		};
		9C25C3699DA86579E380DCF4 = {
			fileRef = "E031754266804BA33370B74B";
			isa = PBXBuildFile;
			settings = {
				ATTRIBUTES = (
					);
			};
		};
		6DF2C6AFFE9DAD2D849619F8 = {
			isa = PBXFileReference;
			name = "moc_copy_event_dialog.cpp";
			path = "../tmp/moc_copy_event_dialog.cpp";
			refType = 4;
			lastKnownFileType = "sourcecode.cpp.cpp";
		};
		92F507E2B384DF78EF287A6B = {
			fileRef = "6DF2C6AFFE9DAD2D849619F8";
			isa = PBXBuildFile;
			settings = {
				ATTRIBUTES = (
					);
			};
		};
		DB17FE15C82BDA484AE1C4BD = {
			isa = PBXFileReference;
			name = "moc_event_type_dialog.cpp";
			path = "../tmp/moc_event_type_dialog.cpp";
			refType = 4;
			lastKnownFileType = "sourcecode.cpp.cpp";
		};
		CF89B590D9B2ECC7DEAAD1FD = {
			fileRef = "DB17FE15C82BDA484AE1C4BD";
			isa = PBXBuildFile;
			settings = {
				ATTRIBUTES = (
					);
			};
		};
		597954CFE120EAD80A73C814 = {
			isa = PBXFileReference;
			name = "moc_event_table_dialog.cpp";
			path = "../tmp/moc_event_table_dialog.cpp";
			refType = 4;
			lastKnownFileType = "sourcecode.cpp.cpp";
		};
		FD0DD3864359F2264B6AFF48 = {
			fileRef = "597954CFE120EAD80A73C814";
			isa = PBXBuildFile;
			settings = {
				ATTRIBUTES = (
					);
			};
		};
		9455BF2B2AC078A6FE5D98C1 = {
			isa = PBXFileReference;
			name = "qrc_src.cpp";
			path = "../tmp/qrc_src.cpp";
			refType = 4;
			lastKnownFileType = "sourcecode.cpp.cpp";
		};
		7B21ED483F66635082148850 = {
			fileRef = "9455BF2B2AC078A6FE5D98C1";
			isa = PBXBuildFile;
			settings = {
				ATTRIBUTES = (
					);
			};
		};
		6F94561F96CCDA39E73BC0D0 = {
			isa = PBXFileReference;
			name = "basic_header.h";
			path = "base/basic_header.h";
			refType = 4;
		};
		51092268802004F94AD9E495 = {
			isa = PBXFileReference;
			name = "file_signal_reader_factory.h";
			path = "base/file_signal_reader_factory.h";
			refType = 4;
		};
		C1C0E52981AE40BCB5B2F9EF = {
			isa = PBXFileReference;
			name = "file_signal_reader.h";
			path = "base/file_signal_reader.h";
			refType = 4;
		};
		A6923EE05AB449AB6F8C816E = {
			isa = PBXFileReference;
			name = "math_utils.h";
			path = "base/math_utils.h";
			refType = 4;
		};
		8BA71D6DBAF4650DEFC15C4F = {
			isa = PBXFileReference;
			name = "prototype_factory.h";
			path = "base/prototype_factory.h";
			refType = 4;
		};
		D7752A414B20F003FF0DBB05 = {
			isa = PBXFileReference;
			name = "signal_buffer.h";
			path = "base/signal_buffer.h";
			refType = 4;
		};
		97B8EA23AF42AC5DC0953E70 = {
			isa = PBXFileReference;
			name = "signal_channel.h";
			path = "base/signal_channel.h";
			refType = 4;
		};
		B473C8DE7B3365A209211A08 = {
			isa = PBXFileReference;
			name = "signal_data_block.h";
			path = "base/signal_data_block.h";
			refType = 4;
		};
		92DCBC63CE88DAFDC6DADACA = {
			isa = PBXFileReference;
			name = "signal_data_block_queue.h";
			path = "base/signal_data_block_queue.h";
			refType = 4;
		};
		B9602A51BE37A9993DA49AD5 = {
			isa = PBXFileReference;
			name = "signal_event.h";
			path = "base/signal_event.h";
			refType = 4;
		};
		746592C1BECF92F5A2087C17 = {
			isa = PBXFileReference;
			name = "stream_utils.h";
			path = "base/stream_utils.h";
			refType = 4;
		};
		3A1638B5EBE0D36636602062 = {
			isa = PBXFileReference;
			name = "user_types.h";
			path = "base/user_types.h";
			refType = 4;
		};
		F902D591EB088E244A41AA82 = {
			isa = PBXFileReference;
			name = "gdf_event.h";
			path = "base/gdf/gdf_event.h";
			refType = 4;
		};
		2631A1357738CEDB1C234BA4 = {
			isa = PBXFileReference;
			name = "gdf_header.h";
			path = "base/gdf/gdf_header.h";
			refType = 4;
		};
		5CD98A4A6C8679DA09E0DB2A = {
			isa = PBXFileReference;
			name = "gdf_reader.h";
			path = "base/gdf/gdf_reader.h";
			refType = 4;
		};
		C91FF7537DB31A8AEFC43E5A = {
			isa = PBXFileReference;
			name = "gdf_signal_header.h";
			path = "base/gdf/gdf_signal_header.h";
			refType = 4;
		};
		0A1AFFF2DEF6020F4B32CF6A = {
			isa = PBXFileReference;
			name = "bkr_header.h";
			path = "base/bkr/bkr_header.h";
			refType = 4;
		};
		5F91C3DA3EACE40F25929AF7 = {
			isa = PBXFileReference;
			name = "cnt_setup_header.h";
			path = "base/cnt/cnt_setup_header.h";
			refType = 4;
		};
		7369F9B0A6C138CC8FCC958C = {
			isa = PBXFileReference;
			name = "smart_canvas.h";
			path = "smart_canvas/smart_canvas.h";
			refType = 4;
		};
		A676075597DE5B8C4A2FB583 = {
			isa = PBXFileReference;
			name = "smart_canvas_rectangle.h";
			path = "smart_canvas/smart_canvas_rectangle.h";
			refType = 4;
		};
		75C6ECB5B55EF0DABF4596A4 = {
			isa = PBXFileReference;
			name = "smart_canvas_view.h";
			path = "smart_canvas/smart_canvas_view.h";
			refType = 4;
		};
		411D7830C93A3326DB947863 = {
			isa = PBXFileReference;
			name = "basic_header_info_dialog.h";
			path = "basic_header_info_dialog.h";
			refType = 4;
		};
		362616A1679B2B1ABE23B902 = {
			isa = PBXFileReference;
			name = "channel_selection_dialog.h";
			path = "channel_selection_dialog.h";
			refType = 4;
		};
		2E6CC02C45179ACCEAB359F8 = {
			isa = PBXFileReference;
			name = "channel_separator_canvas_item.h";
			path = "channel_separator_canvas_item.h";
			refType = 4;
		};
		CC71DFFB0FD81652CD4A1DA9 = {
			isa = PBXFileReference;
			name = "go_to_dialog.h";
			path = "go_to_dialog.h";
			refType = 4;
		};
		232E81853A8AA37B4C77B80A = {
			isa = PBXFileReference;
			name = "gui_signal_buffer.h";
			path = "gui_signal_buffer.h";
			refType = 4;
		};
		5FCFEA283CE6CF9B58575BDA = {
			isa = PBXFileReference;
			name = "log_dialog.h";
			path = "log_dialog.h";
			refType = 4;
		};
		0E56E7E34FCAA3129A2E2089 = {
			isa = PBXFileReference;
			name = "main_window.h";
			path = "main_window.h";
			refType = 4;
		};
		1867CBF6DE0941DD47A76401 = {
			isa = PBXFileReference;
			name = "main_window_model.h";
			path = "main_window_model.h";
			refType = 4;
		};
		24E7B63B7CC1A6BB8D3126F7 = {
			isa = PBXFileReference;
			name = "navigation_canvas_item.h";
			path = "navigation_canvas_item.h";
			refType = 4;
		};
		C5155FC4828F4712DB8F393E = {
			isa = PBXFileReference;
			name = "signal_browser.h";
			path = "signal_browser.h";
			refType = 4;
		};
		B169DA27D4270802AE43CB5C = {
			isa = PBXFileReference;
			name = "signal_browser_model.h";
			path = "signal_browser_model.h";
			refType = 4;
		};
		13AD0FEC74A8FEBA38279E67 = {
			isa = PBXFileReference;
			name = "signal_canvas_item.h";
			path = "signal_canvas_item.h";
			refType = 4;
		};
		C0E2107103F066FEAB081403 = {
			isa = PBXFileReference;
			name = "x_axis_widget.h";
			path = "x_axis_widget.h";
			refType = 4;
		};
		00817673EF05C4C6A9AE6D38 = {
			isa = PBXFileReference;
			name = "x_grid_canvas_item.h";
			path = "x_grid_canvas_item.h";
			refType = 4;
		};
		EC55F1E0EA87AE8E404D33FA = {
			isa = PBXFileReference;
			name = "y_axis_widget.h";
			path = "y_axis_widget.h";
			refType = 4;
		};
		1865F0C12915F7FB5E11F7B3 = {
			isa = PBXFileReference;
			name = "event_canvas_item.h";
			path = "event_canvas_item.h";
			refType = 4;
		};
		8F56E5D24C7D0B451B34AF7E = {
			isa = PBXFileReference;
			name = "copy_event_dialog.h";
			path = "copy_event_dialog.h";
			refType = 4;
		};
		6D6686B9A2CC7B20374E9E4F = {
			isa = PBXFileReference;
			name = "event_type_dialog.h";
			path = "event_type_dialog.h";
			refType = 4;
		};
		FA93E70F0BE43BC186A28FFC = {
			isa = PBXFileReference;
			name = "event_table_dialog.h";
			path = "event_table_dialog.h";
			refType = 4;
		};
		A3911C838E19B10F0BC2AB83 = {
			isa = PBXFileReference;
			name = "file_signal_writer.h";
			path = "base/file_signal_writer.h";
			refType = 4;
		};
		E4F118CFCAB2CAFF69BC5C79 = {
			isa = PBXFileReference;
			name = "file_signal_writer_factory.h";
			path = "base/file_signal_writer_factory.h";
			refType = 4;
		};
		BBD42E93768FB6A763C16EEE = {
			isa = PBXFileReference;
			name = "gdf_writer.h";
			path = "base/gdf/gdf_writer.h";
			refType = 4;
		};
		7D0D4C6D9676CBC0FB1CA400 = {
			isa = PBXFileReference;
			name = "event_table_file_reader.h";
			path = "base/event_table_file_reader.h";
			refType = 4;
		};
		7A12EE7C095568CF3A37F09A = {
			isa = PBXFileReference;
			name = "event_color_manager.h";
			path = "event_color_manager.h";
			refType = 4;
		};
		440B148C6A2C10D312A7D180 = {
			isa = PBXFileReference;
			name = "signal_browser_mouse_handling.h";
			path = "signal_browser_mouse_handling.h";
			refType = 4;
		};
		75F5D7D7C4D0D724488A2710 = {
			isa = PBXFileReference;
			name = "label_widget.h";
			path = "label_widget.h";
			refType = 4;
		};
		7190656A8C4126E5484D8532 = {
			isa = PBXFileReference;
			name = "src.pro";
			path = "src.pro";
			refType = 4;
		};
		4F11572E7DF4D9E96E56568D = {
			isa = PBXFileReference;
			name = "src.qrc";
			path = "src.qrc";
			refType = 4;
		};
		2FABDA10C1D314F9E2182FA7 = {
			fileRef = "4F11572E7DF4D9E96E56568D";
			isa = PBXBuildFile;
			settings = {
				ATTRIBUTES = (
					);
			};
		};
		883D7615C4D2DE3FA1218F12 = {
			isa = PBXGroup;
			children = (
				"C681BE8FF771ACFDC8025684",
				"E6B8CD4D478BD1004A12C8FC",
				"411D7830C93A3326DB947863",
				"362616A1679B2B1ABE23B902",
				"2E6CC02C45179ACCEAB359F8",
				"CC71DFFB0FD81652CD4A1DA9",
				"232E81853A8AA37B4C77B80A",
				"5FCFEA283CE6CF9B58575BDA",
				"0E56E7E34FCAA3129A2E2089",
				"1867CBF6DE0941DD47A76401",
				"24E7B63B7CC1A6BB8D3126F7",
				"C5155FC4828F4712DB8F393E",
				"B169DA27D4270802AE43CB5C",
				"13AD0FEC74A8FEBA38279E67",
				"C0E2107103F066FEAB081403",
				"00817673EF05C4C6A9AE6D38",
				"EC55F1E0EA87AE8E404D33FA",
				"1865F0C12915F7FB5E11F7B3",
				"8F56E5D24C7D0B451B34AF7E",
				"6D6686B9A2CC7B20374E9E4F",
				"FA93E70F0BE43BC186A28FFC",
				"7A12EE7C095568CF3A37F09A",
				"440B148C6A2C10D312A7D180",
				"75F5D7D7C4D0D724488A2710");
			name = "Headers";
			refType = 4;
		};
		C681BE8FF771ACFDC8025684 = {
			isa = PBXGroup;
			children = (
				"6F94561F96CCDA39E73BC0D0",
				"51092268802004F94AD9E495",
				"C1C0E52981AE40BCB5B2F9EF",
				"A6923EE05AB449AB6F8C816E",
				"8BA71D6DBAF4650DEFC15C4F",
				"D7752A414B20F003FF0DBB05",
				"97B8EA23AF42AC5DC0953E70",
				"B473C8DE7B3365A209211A08",
				"92DCBC63CE88DAFDC6DADACA",
				"B9602A51BE37A9993DA49AD5",
				"746592C1BECF92F5A2087C17",
				"3A1638B5EBE0D36636602062",
				"2BF6E91B9230DEB668781B21",
				"6526C4C4C0E7F9F7CB5D670E",
				"19B51C653443AEF5FF685C28",
				"A3911C838E19B10F0BC2AB83",
				"E4F118CFCAB2CAFF69BC5C79",
				"7D0D4C6D9676CBC0FB1CA400");
			name = "base";
			refType = 4;
		};
		6526C4C4C0E7F9F7CB5D670E = {
			isa = PBXGroup;
			children = (
				"0A1AFFF2DEF6020F4B32CF6A");
			name = "bkr";
			refType = 4;
		};
		19B51C653443AEF5FF685C28 = {
			isa = PBXGroup;
			children = (
				"5F91C3DA3EACE40F25929AF7");
			name = "cnt";
			refType = 4;
		};
		2BF6E91B9230DEB668781B21 = {
			isa = PBXGroup;
			children = (
				"F902D591EB088E244A41AA82",
				"2631A1357738CEDB1C234BA4",
				"5CD98A4A6C8679DA09E0DB2A",
				"C91FF7537DB31A8AEFC43E5A",
				"BBD42E93768FB6A763C16EEE");
			name = "gdf";
			refType = 4;
		};
		E6B8CD4D478BD1004A12C8FC = {
			isa = PBXGroup;
			children = (
				"7369F9B0A6C138CC8FCC958C",
				"A676075597DE5B8C4A2FB583",
				"75C6ECB5B55EF0DABF4596A4");
			name = "smart_canvas";
			refType = 4;
		};
		4C50C2EA8C30B7479E41E2E3 = {
			isa = PBXGroup;
			children = (
				"96EFA15DD9F1530905D96B38",
				"C05DD1014339BBE7B6D55C86",
				"FA20C1EDD463ABC25A97A89E",
				"38B2B02B235FFC7DD7B81B62",
				"146D4BF00515A403F4273A74",
				"52DEB758ADB56DD7477F5E57",
				"5A0B8376ABE34E2204405DD6",
				"B14579BEC9BC29CE5A9779A8",
				"BF9DE3C6B8119E4A85E8FEF5",
				"17EB5F58BD2C331984EDBEB9",
				"19EFD45D1009544D64419254",
				"8036F9D1BE69017D84C662FD",
				"9FB8CDD0C1618B32FEAF0F88",
				"28B5872E6F2C35CF11BA71FA");
			name = "base";
			refType = 4;
		};
		BF9DE3C6B8119E4A85E8FEF5 = {
			isa = PBXGroup;
			children = (
				"7307EF694C78BCDB0507BBEA",
				"69343A789E643E8A099F7925",
				"300864415C83107E1BD47455",
				"EA25E3790C2C5A7273C32323");
			name = "gdf";
			refType = 4;
		};
		4F80ABF298A0D4195CAE1F60 = {
			isa = PBXGroup;
			children = (
				"7B8ECE2A673A9CCDABF88F52",
				"92EDE692FA047FF4E6F89DF6",
				"48304E1385F33846F5E73584");
			name = "smart_canvas";
			refType = 4;
		};
		CDAA9DE3FF41325DCA0EBF16 = {
			isa = PBXGroup;
			children = (
				"11062D7008D3C7FC3F6820A6");
			name = "..";
			refType = 4;
		};
		11062D7008D3C7FC3F6820A6 = {
			isa = PBXGroup;
			children = (
				"75CABF43DC9BE5D10BAAD3CE",
				"210FD87F889A921F3D7137FA",
				"1B6892D1271EF9C741DA0A2C",
				"40482FD27B7915007283C809",
				"B61092D3A313E16219A72410",
				"E425131C79A30CC4BF65240E",
				"DE16653952D0101504F61FE4",
				"DE912D708AB2442A6014A6F4",
				"1C972338B996FD9BA2C122A2",
				"97689B14911980D29CD232CD",
				"E031754266804BA33370B74B",
				"6DF2C6AFFE9DAD2D849619F8",
				"DB17FE15C82BDA484AE1C4BD",
				"597954CFE120EAD80A73C814",
				"9455BF2B2AC078A6FE5D98C1");
			name = "tmp";
			refType = 4;
		};
		FB61758D0F0FDA4BA867C3D5 = {
			isa = PBXGroup;
			children = (
				"65C8A057DF71E8033AB350D6",
				"4C50C2EA8C30B7479E41E2E3",
				"4F80ABF298A0D4195CAE1F60",
				"841D38B8D0D178BCE45BD36F",
				"85B84196432726B88AEF1F9D",
				"B64CF4C7353F820F491442E3",
				"81F4E5AF2B0302BD01102C82",
				"3D511E1EBA3A6D1333B927D6",
				"AB321AEFEC89E808B9A062B1",
				"32F34D2C51A36B528E30803D",
				"378FB701EE62C99DAE65366D",
				"0256AF3F444315DC71C9518D",
				"6425B7B6C960A12395389761",
				"76B6F8D2A5A1AEBACC874E5D",
				"7DF7020E3022C4258D32DC92",
				"9C7A5DD8BC894F3A5D62020E",
				"DF05B873A4CBC4D3E5C0B47B",
				"4B813262CFBC8B935297CA8E",
				"E19D9265F250593F7ACAED1D",
				"657BAB65ABF2B6AD3EF10B13",
				"992662D1556151C41F21B659",
				"2004B5DD9D6BCDA753B231CF",
				"3B52E0AB98EB159377137D34",
				"26D8E6AB4AF48162EAA6BDA4",
				"AF15155FF25A56ECA5CE450D");
			name = "Sources";
			refType = 4;
		};
		52C235EBF1C9B07808119459 = {
			isa = PBXGroup;
			children = (
				"4F11572E7DF4D9E96E56568D");
			name = "Sources [RCC]";
			refType = 4;
		};
		7CABE3C80E79AD2B307756D2 = {
			isa = PBXGroup;
			children = (
				"7190656A8C4126E5484D8532");
			name = "Sources [qmake]";
			refType = 4;
		};
		46E892BBB6BB6952967E0561 = {
			isa = PBXGroup;
			children = (
				"CDAA9DE3FF41325DCA0EBF16");
			name = "Temporary Sources";
			refType = 4;
		};
		A0A52A2ADF7A1E2A99738674 = {
			buildActionMask = 2147483647;
			files = (
				);
			generatedFileNames = (
				"0A6D7AD2B410C6AB1637770D",
				"CCAA97911899F06C0B36B5DB",
				"94E9104595A06658C25003D2",
				"09BAB8812FF7C5B168E6FF69",
				"EF58709B74333C2588F41F61",
				"275520D18C5377EFEE4BEF41",
				"DE72468B5701B165AB8F6101",
				"8E6BA7BD2145F6DD5F5704F5",
				"209BC572649144C54A0D23F1",
				"1D4834C1AF90E279C264D49A",
				"171BC8899126BC58088B42D6",
				"9DE2859D96A1C898C14594FE",
				"384E96F93E7EA0657FC7FA6B",
				"3D4F39EA181E12A0424954F4",
				"46B54B789093415261EF37A8",
				"998B82CF6F93AB3D6EEB1C51",
				"36C29925CC9920E91163A9B5",
				"4E8A7FD8D8F75FB4D1AB391A",
				"1C76AF00327FFD7E8B11CFCF",
				"68DB9D84D95CA6119D217AE7",
				"CEFDBF479C82CB02C27DC1E5",
				"473C4A990D2E25E960BE4F42",
				"2E2AACF3EA02E5EE59D0EDF9",
				"F8F30D1567A9E02E9CCCF5E2",
				"8FAA3D55F30CD52F664F9400",
				"D29B7D4626AA02AA5B017A17",
				"EF2CF413E67A072FA04FFC4C",
				"C4C6BEBF305A29739C299FCE",
				"669139161201B8B947CEAAF5",
				"6D2F51B8B28BDF3BDA557232",
				"8BCCBB17FFF4B8F60DAF347E",
				"2B0E70D9A77E5ED078479711",
				"66359F62FB2DFA49D10736F2",
				"2B514B06A32A14688E3E1703",
				"DCF0FD7449D6BE27289B699C",
				"661E4A3A4BF2FE89601926E4",
				"1E021ABDB13A4ECB79CF2900",
				"144955D292A3C7090D621B85",
				"C5B76BB10DB94E2D6A40311A",
				"68492472B1045EC57F6368EE",
				"E660875E1946FA0822108205",
				"3D04FAB56D03C38C833AB723",
				"48EF0793254DC6999B792FFF",
				"7918FCB7653AE066C84B80A8",
				"F1D547554218A0C39A6CD589",
				"CE285384220B1188E69E1A47",
				"64C07564925F2F35EF1DD8C5",
				"8E2C1393473F656C56245BDE",
				"0468484B64C639CBCFBCDA79",
				"D474FB0AF893235687C2C06A",
				"6DB3A6F5F34428D28FD70825",
				"84B713F44AC3D29577AF7417",
				"71B5B8D6332B3CCF20AAC317",
				"9C25C3699DA86579E380DCF4",
				"92F507E2B384DF78EF287A6B",
				"CF89B590D9B2ECC7DEAAD1FD",
				"FD0DD3864359F2264B6AFF48",
				"7B21ED483F66635082148850");
			isa = PBXShellScriptBuildPhase;
			name = "Qt Preprocessors";
			neededFileNames = (
				"0A6D7AD2B410C6AB1637770D",
				"CCAA97911899F06C0B36B5DB",
				"94E9104595A06658C25003D2",
				"09BAB8812FF7C5B168E6FF69",
				"EF58709B74333C2588F41F61",
				"275520D18C5377EFEE4BEF41",
				"DE72468B5701B165AB8F6101",
				"8E6BA7BD2145F6DD5F5704F5",
				"209BC572649144C54A0D23F1",
				"1D4834C1AF90E279C264D49A",
				"171BC8899126BC58088B42D6",
				"9DE2859D96A1C898C14594FE",
				"384E96F93E7EA0657FC7FA6B",
				"3D4F39EA181E12A0424954F4",
				"46B54B789093415261EF37A8",
				"998B82CF6F93AB3D6EEB1C51",
				"36C29925CC9920E91163A9B5",
				"4E8A7FD8D8F75FB4D1AB391A",
				"1C76AF00327FFD7E8B11CFCF",
				"68DB9D84D95CA6119D217AE7",
				"CEFDBF479C82CB02C27DC1E5",
				"473C4A990D2E25E960BE4F42",
				"2E2AACF3EA02E5EE59D0EDF9",
				"F8F30D1567A9E02E9CCCF5E2",
				"8FAA3D55F30CD52F664F9400",
				"D29B7D4626AA02AA5B017A17",
				"EF2CF413E67A072FA04FFC4C",
				"C4C6BEBF305A29739C299FCE",
				"669139161201B8B947CEAAF5",
				"6D2F51B8B28BDF3BDA557232",
				"8BCCBB17FFF4B8F60DAF347E",
				"2B0E70D9A77E5ED078479711",
				"66359F62FB2DFA49D10736F2",
				"2B514B06A32A14688E3E1703",
				"DCF0FD7449D6BE27289B699C",
				"661E4A3A4BF2FE89601926E4",
				"1E021ABDB13A4ECB79CF2900",
				"144955D292A3C7090D621B85",
				"C5B76BB10DB94E2D6A40311A",
				"68492472B1045EC57F6368EE",
				"E660875E1946FA0822108205",
				"3D04FAB56D03C38C833AB723",
				"48EF0793254DC6999B792FFF",
				"7918FCB7653AE066C84B80A8",
				"F1D547554218A0C39A6CD589",
				"CE285384220B1188E69E1A47",
				"64C07564925F2F35EF1DD8C5",
				"8E2C1393473F656C56245BDE",
				"0468484B64C639CBCFBCDA79",
				"D474FB0AF893235687C2C06A",
				"6DB3A6F5F34428D28FD70825",
				"84B713F44AC3D29577AF7417",
				"71B5B8D6332B3CCF20AAC317",
				"9C25C3699DA86579E380DCF4",
				"92F507E2B384DF78EF287A6B",
				"CF89B590D9B2ECC7DEAAD1FD",
				"FD0DD3864359F2264B6AFF48",
				"7B21ED483F66635082148850");
			shellPath = "/bin/sh";
			shellScript = "make\ -C\ /Users/clemens/Desktop/SigViewer/src\ -f\ sigviewer.xcodeproj/qt_preprocess.mak";
		};
		C29B8785722055ED95EF7B57 = {
			buildActionMask = 2147483647;
			files = (
				"0A6D7AD2B410C6AB1637770D",
				"CCAA97911899F06C0B36B5DB",
				"94E9104595A06658C25003D2",
				"09BAB8812FF7C5B168E6FF69",
				"EF58709B74333C2588F41F61",
				"275520D18C5377EFEE4BEF41",
				"DE72468B5701B165AB8F6101",
				"8E6BA7BD2145F6DD5F5704F5",
				"209BC572649144C54A0D23F1",
				"1D4834C1AF90E279C264D49A",
				"171BC8899126BC58088B42D6",
				"9DE2859D96A1C898C14594FE",
				"384E96F93E7EA0657FC7FA6B",
				"3D4F39EA181E12A0424954F4",
				"46B54B789093415261EF37A8",
				"998B82CF6F93AB3D6EEB1C51",
				"36C29925CC9920E91163A9B5",
				"4E8A7FD8D8F75FB4D1AB391A",
				"1C76AF00327FFD7E8B11CFCF",
				"68DB9D84D95CA6119D217AE7",
				"CEFDBF479C82CB02C27DC1E5",
				"473C4A990D2E25E960BE4F42",
				"2E2AACF3EA02E5EE59D0EDF9",
				"F8F30D1567A9E02E9CCCF5E2",
				"8FAA3D55F30CD52F664F9400",
				"D29B7D4626AA02AA5B017A17",
				"EF2CF413E67A072FA04FFC4C",
				"C4C6BEBF305A29739C299FCE",
				"669139161201B8B947CEAAF5",
				"6D2F51B8B28BDF3BDA557232",
				"8BCCBB17FFF4B8F60DAF347E",
				"2B0E70D9A77E5ED078479711",
				"66359F62FB2DFA49D10736F2",
				"2B514B06A32A14688E3E1703",
				"DCF0FD7449D6BE27289B699C",
				"661E4A3A4BF2FE89601926E4",
				"1E021ABDB13A4ECB79CF2900",
				"144955D292A3C7090D621B85",
				"C5B76BB10DB94E2D6A40311A",
				"68492472B1045EC57F6368EE",
				"E660875E1946FA0822108205",
				"3D04FAB56D03C38C833AB723",
				"48EF0793254DC6999B792FFF",
				"7918FCB7653AE066C84B80A8",
				"F1D547554218A0C39A6CD589",
				"CE285384220B1188E69E1A47",
				"64C07564925F2F35EF1DD8C5",
				"8E2C1393473F656C56245BDE",
				"0468484B64C639CBCFBCDA79",
				"D474FB0AF893235687C2C06A",
				"6DB3A6F5F34428D28FD70825",
				"84B713F44AC3D29577AF7417",
				"71B5B8D6332B3CCF20AAC317",
				"9C25C3699DA86579E380DCF4",
				"92F507E2B384DF78EF287A6B",
				"CF89B590D9B2ECC7DEAAD1FD",
				"FD0DD3864359F2264B6AFF48",
				"7B21ED483F66635082148850");
			isa = PBXSourcesBuildPhase;
			name = "Build Sources";
		};
		AB52C34CB4C351ACB3D05237 = {
			isa = PBXFrameworkReference;
			name = "Qt3Support.framework";
			path = "/Library/Frameworks/Qt3Support.framework";
			refType = 0;
		};
		031AE02E6E5EF32803F3428D = {
			fileRef = "AB52C34CB4C351ACB3D05237";
			isa = PBXBuildFile;
			settings = {
			};
		};
		E0814A49DDD73EF0F620E7DB = {
			isa = PBXFrameworkReference;
			name = "QtSql.framework";
			path = "/Library/Frameworks/QtSql.framework";
			refType = 0;
		};
		C78BFE0DD4D0FC1F4B157F30 = {
			fileRef = "E0814A49DDD73EF0F620E7DB";
			isa = PBXBuildFile;
			settings = {
			};
		};
		8EE92F8FA333C9E415C5B34E = {
			isa = PBXFrameworkReference;
			name = "QtXml.framework";
			path = "/Library/Frameworks/QtXml.framework";
			refType = 0;
		};
		C2643FEB592DBFD1429BE4E1 = {
			fileRef = "8EE92F8FA333C9E415C5B34E";
			isa = PBXBuildFile;
			settings = {
			};
		};
		B6B9970B86A6C219B0869FE9 = {
			isa = PBXFrameworkReference;
			name = "QtNetwork.framework";
			path = "/Library/Frameworks/QtNetwork.framework";
			refType = 0;
		};
		3826A0833FCB54E86728C6EF = {
			fileRef = "B6B9970B86A6C219B0869FE9";
			isa = PBXBuildFile;
			settings = {
			};
		};
		9B36DA7E32F0304E780E7972 = {
			isa = PBXFrameworkReference;
			name = "QtGui.framework";
			path = "/Library/Frameworks/QtGui.framework";
			refType = 0;
		};
		501667F26B3C1FF6767A7C12 = {
			fileRef = "9B36DA7E32F0304E780E7972";
			isa = PBXBuildFile;
			settings = {
			};
		};
		DA138F75C9F545CDAE7FB264 = {
			isa = PBXFrameworkReference;
			name = "Carbon.framework";
			path = "/System/Library/Frameworks/Carbon.framework";
			refType = 0;
		};
		C8FD4A1AAA37CF2CA2824CCF = {
			fileRef = "DA138F75C9F545CDAE7FB264";
			isa = PBXBuildFile;
			settings = {
			};
		};
		821416211D63F190AAAD016A = {
			isa = PBXFrameworkReference;
			name = "AppKit.framework";
			path = "/System/Library/Frameworks/AppKit.framework";
			refType = 0;
		};
		51D4DBF7CB8537BE86EBD055 = {
			fileRef = "821416211D63F190AAAD016A";
			isa = PBXBuildFile;
			settings = {
			};
		};
		7BC2E65A5E699A5E5D834CA2 = {
			isa = PBXFrameworkReference;
			name = "QtCore.framework";
			path = "/Library/Frameworks/QtCore.framework";
			refType = 0;
		};
		069D05B0128AE5DC7EE31738 = {
			fileRef = "7BC2E65A5E699A5E5D834CA2";
			isa = PBXBuildFile;
			settings = {
			};
		};
		27AE7A480FD6C52FCA80FECD = {
			isa = PBXFrameworkReference;
			name = "ApplicationServices.framework";
			path = "/System/Library/Frameworks/ApplicationServices.framework";
			refType = 0;
		};
		F9E76E570E10AF14870553A7 = {
			fileRef = "27AE7A480FD6C52FCA80FECD";
			isa = PBXBuildFile;
			settings = {
			};
		};
		ED1E82605DD74B483AF3C982 = {
			children = (
				"AB52C34CB4C351ACB3D05237",
				"E0814A49DDD73EF0F620E7DB",
				"8EE92F8FA333C9E415C5B34E",
				"B6B9970B86A6C219B0869FE9",
				"9B36DA7E32F0304E780E7972",
				"DA138F75C9F545CDAE7FB264",
				"821416211D63F190AAAD016A",
				"7BC2E65A5E699A5E5D834CA2",
				"27AE7A480FD6C52FCA80FECD");
			isa = PBXGroup;
			name = "External Frameworks and Libraries";
			path = "";
			refType = 4;
		};
		2A1043669E6E5A7426EA502A = {
			buildActionMask = 2147483647;
			files = (
				"031AE02E6E5EF32803F3428D",
				"C78BFE0DD4D0FC1F4B157F30",
				"C2643FEB592DBFD1429BE4E1",
				"3826A0833FCB54E86728C6EF",
				"501667F26B3C1FF6767A7C12",
				"C8FD4A1AAA37CF2CA2824CCF",
				"51D4DBF7CB8537BE86EBD055",
				"069D05B0128AE5DC7EE31738",
				"F9E76E570E10AF14870553A7");
			isa = PBXFrameworksBuildPhase;
			name = "Frameworks & Libraries";
		};
		3787F99312C85FF0073FD7BA = {
			buildActionMask = 2147483647;
			files = (
			);
			isa = PBXResourcesBuildPhase;
			name = "Bundle Resources";
		};
		F6069D5A5DA8AA28EDB8B3C6 = {
			name = "Project Copy";
			buildActionMask = 2147483647;
			dstPath = "/Users/clemens/Desktop/SigViewer/bin";
			dstSubfolderSpec = 0;
			files = (
"07E0DFA73EB56DCB9E28CDD9");
			isa = PBXCopyFilesBuildPhase;
			runOnlyForDeploymentPostprocessing = 0;
		};
		07E0DFA73EB56DCB9E28CDD9 = {
			fileRef = "A0CE13E7DA0236BB9BBC050F";
			isa = PBXBuildFile;
			settings = {
			};
		};
		05596AB53D8D521C69802C27 = {
			children = (
				"FB61758D0F0FDA4BA867C3D5",
				"46E892BBB6BB6952967E0561",
				"883D7615C4D2DE3FA1218F12",
				"7CABE3C80E79AD2B307756D2",
				"52C235EBF1C9B07808119459",
				"ED1E82605DD74B483AF3C982");
			isa = PBXGroup;
			name = "sigviewer";
			path = "";
			refType = 4;
		};
		A0CE13E7DA0236BB9BBC050F = {
			isa = PBXFileReference;
			explicitFileType = "wrapper.application";
			path = "sigviewer.app";
			refType = 3;
			sourceTree = BUILT_PRODUCTS_DIR;
		};
		068F80C7519D0528FB08E821 = {
			children = (
				"A0CE13E7DA0236BB9BBC050F");
			isa = PBXGroup;
			name = "Products";
			refType = 4;
		};
		F0226599006E07D616092BD1 = {
			buildPhases = (
				"D7BA7D76DAB5DD13389D6332",
				"A0A52A2ADF7A1E2A99738674",
				"F6069D5A5DA8AA28EDB8B3C6",
				"C29B8785722055ED95EF7B57",
				"2A1043669E6E5A7426EA502A",
				"3787F99312C85FF0073FD7BA");
			buildSettings = {
				HEADER_SEARCH_PATHS = (
					"/Library/Frameworks/QtCore.framework/Versions/4/Headers",
					"/usr/include/QtCore",
					"/Library/Frameworks/QtGui.framework/Versions/4/Headers",
					"/usr/include/QtGui",
					"/Library/Frameworks/Qt3Support.framework/Versions/4/Headers",
					"/usr/include/Qt3Support",
					"/usr/include",
					"..\\tmp",
					".",
					"/usr/local/include",
					"/System/Library/Frameworks/CarbonCore.framework/Headers",
					"/usr/local/Qt4.3/mkspecs/macx-xcode");
				LIBRARY_SEARCH_PATHS = (
					"/Library/Frameworks",
					"/System/Library/Frameworks/");
				OPTIMIZATION_CFLAGS = (
					);
				OTHER_CFLAGS = (
					"-pipe",
					"-Os",
					"-Wall",
					"-W",
					"-DQT_NO_DEBUG",
					"-DQT_QT3SUPPORT_LIB",
					"-DQT3_SUPPORT",
					"-DQT_GUI_LIB",
					"-DQT_CORE_LIB",
					"-DQT_SHARED");
				OTHER_CPLUSPLUSFLAGS = (
					"-pipe",
					"-Os",
					"-Wall",
					"-W",
					"-DQT_NO_DEBUG",
					"-DQT_QT3SUPPORT_LIB",
					"-DQT3_SUPPORT",
					"-DQT_GUI_LIB",
					"-DQT_CORE_LIB",
					"-DQT_SHARED");
				LEXFLAGS = "";
				YACCFLAGS = "-d";
				OTHER_REZFLAGS = "";
				SECTORDER_FLAGS = "";
				WARNING_CFLAGS = "";
				PREBINDING = NO;
				INFOPLIST_FILE = "Info.plist";
				BUILD_ROOT = "/Users/clemens/Desktop/SigViewer/src";
				OTHER_LDFLAGS = (
					"-headerpad_max_install_names",
					"-L/Library/Frameworks",
					"-lresolv",
					"-lz",
					"-lm",
					"-liconv");
				INSTALL_DIR = "/Users/clemens/Desktop/SigViewer/src/../bin/";
				DYLIB_CURRENT_VERSION = "1.0.0";
				DYLIB_COMPATIBILITY_VERSION = "1.0";
				OBJROOT = "../tmp/";
				PRODUCT_NAME = "sigviewer";
			};
			conditionalBuildSettings = {
			};
			dependencies = (
				);
			productReference = "A0CE13E7DA0236BB9BBC050F";
			shouldUseHeadermap = 1;
			isa = PBXNativeTarget;
			productType = "com.apple.product-type.application";
			productSettingsXML = "<?xml version=\"1.0\" encoding=\"UTF-8\"?>
<!DOCTYPE plist SYSTEM \"file://localhost/System/Library/DTDs/PropertyList.dtd\">
<plist version=\"0.9\">
<dict>
	<key>CFBundleIconFile</key>
	<string></string>
	<key>CFBundlePackageType</key>
	<string>APPL</string>
        <key>CFBundleGetInfoString</key>
	<string>Created by Qt/QMake</string>
	<key>CFBundleSignature</key>
	<string>????</string>
	<key>CFBundleExecutable</key>
	<string>sigviewer</string>
	<key>NOTE</key>
	<string>Please, do NOT change this file -- It was generated by Qt/QMake.</string>
</dict>
</plist>
";
			name = "sigviewer";
			productName = "sigviewer";
			startupPath = "<<ProjectDirectory>>";
			productInstallPath = "../bin/";
		};
		8DB1DD96F65B1BF1FFC506E0 = {
			isa = XCBuildConfiguration;
			buildSettings = {
				COPY_PHASE_STRIP = "NO";
				GCC_GENERATE_DEBUGGING_SYMBOLS = "YES";
				GCC_OPTIMIZATION_LEVEL = "0";
			};
			name = "Debug";
		};
		2C641C3335766025DD51B7BD = {
			buildRules = (
				);
			buildSettings = {
				COPY_PHASE_STRIP = "NO";
				GCC_GENERATE_DEBUGGING_SYMBOLS = "YES";
				GCC_OPTIMIZATION_LEVEL = "0";
			};
			isa = "PBXBuildStyle";
			name = "Debug";
		};
		95E1EB2E5DDD587BE5B3E548 = {
			isa = XCBuildConfiguration;
			buildSettings = {
				COPY_PHASE_STRIP = "YES";
				GCC_GENERATE_DEBUGGING_SYMBOLS = "NO";
			};
			name = "Release";
		};
		26DE8D2AEA4B3714B41E931F = {
			buildRules = (
				);
			buildSettings = {
				COPY_PHASE_STRIP = "YES";
				GCC_GENERATE_DEBUGGING_SYMBOLS = "NO";
			};
			isa = "PBXBuildStyle";
			name = "Release";
		};
		2A951308CDB28F104D0A4BD2 = {
			isa = XCConfigurationList;
			buildConfigurations = (
				"8DB1DD96F65B1BF1FFC506E0",
				"95E1EB2E5DDD587BE5B3E548");
			defaultConfigurationIsVisible = 0;
			defaultConfigurationIsName = "Release";
		};
		91B15E841AA80083484172DE = {
			buildStyles = (
				"2C641C3335766025DD51B7BD",
				"26DE8D2AEA4B3714B41E931F");
			hasScannedForEncodings = 1;
			isa = PBXProject;
			mainGroup = "05596AB53D8D521C69802C27";
			buildConfigurationList = "2A951308CDB28F104D0A4BD2";
			projectDirPath = "";
			targets = (
				"F0226599006E07D616092BD1");
		};
	};
	rootObject = "91B15E841AA80083484172DE";
}
